
Microsoft Visual Studio Solution File, Format Version 12.00
# Visual Studio Version 16
VisualStudioVersion = 16.0.31605.320
MinimumVisualStudioVersion = 10.0.40219.1
Project("{FAE04EC0-301F-11D3-BF4B-00C04F79EFBC}") = "Collections", "Collections\Collections.csproj", "{D403E59B-4144-4E7D-82F8-F490284A8E5E}"
EndProject
Project("{FAE04EC0-301F-11D3-BF4B-00C04F79EFBC}") = "Test", "Test\Test.csproj", "{659A86A3-3A50-4D68-A520-91FB66F8FC80}"
EndProject
Global
	GlobalSection(SolutionConfigurationPlatforms) = preSolution
		Debug|Any CPU = Debug|Any CPU
		Release|Any CPU = Release|Any CPU
	EndGlobalSection
	GlobalSection(ProjectConfigurationPlatforms) = postSolution
		{D403E59B-4144-4E7D-82F8-F490284A8E5E}.Debug|Any CPU.ActiveCfg = Debug|Any CPU
		{D403E59B-4144-4E7D-82F8-F490284A8E5E}.Debug|Any CPU.Build.0 = Debug|Any CPU
		{D403E59B-4144-4E7D-82F8-F490284A8E5E}.Release|Any CPU.ActiveCfg = Release|Any CPU
		{D403E59B-4144-4E7D-82F8-F490284A8E5E}.Release|Any CPU.Build.0 = Release|Any CPU
		{659A86A3-3A50-4D68-A520-91FB66F8FC80}.Debug|Any CPU.ActiveCfg = Debug|Any CPU
		{659A86A3-3A50-4D68-A520-91FB66F8FC80}.Debug|Any CPU.Build.0 = Debug|Any CPU
		{659A86A3-3A50-4D68-A520-91FB66F8FC80}.Release|Any CPU.ActiveCfg = Release|Any CPU
		{659A86A3-3A50-4D68-A520-91FB66F8FC80}.Release|Any CPU.Build.0 = Release|Any CPU
	EndGlobalSection
	GlobalSection(SolutionProperties) = preSolution
		HideSolutionNode = FALSE
	EndGlobalSection
	GlobalSection(ExtensibilityGlobals) = postSolution
		SolutionGuid = {E76D7794-DF6E-48A7-B08B-C1ACB2FBD865}
	EndGlobalSection
EndGlobal
